# THIS IS AN AUTOGENERATED FILE. DO NOT EDIT THIS FILE DIRECTLY.
# yarn lockfile v1


"@react-spring/animated@~9.3.0":
  version "9.3.0"
  resolved "https://registry.yarnpkg.com/@react-spring/animated/-/animated-9.3.0.tgz#294f7696e450c4ae3abd2b59a6dd08bf70b53d3f"
  integrity sha512-QvuyW77eDvLhdJyO6FFldlWlvnuKK2cpOx4+Zr962RyT/0IO1tbNDRO6G1vM8va6mbv6tmfYmRGKmKYePN3kVg==
  dependencies:
    "@react-spring/shared" "~9.3.0"
    "@react-spring/types" "~9.3.0"

"@react-spring/core@~9.3.0":
  version "9.3.0"
  resolved "https://registry.yarnpkg.com/@react-spring/core/-/core-9.3.0.tgz#2d0534c5b53c7e39b8e9ed3d996502828c90f4d4"
  integrity sha512-SZQOIX7wkIagmucAi7zxqGGIb9A60o9n5922UrWo8Kl3FdG7FgrNwqr0kOI43/pMFeL70/PXwFhBatB03N5ctw==
  dependencies:
    "@react-spring/animated" "~9.3.0"
    "@react-spring/shared" "~9.3.0"
    "@react-spring/types" "~9.3.0"

"@react-spring/konva@~9.3.0":
  version "9.3.0"
  resolved "https://registry.yarnpkg.com/@react-spring/konva/-/konva-9.3.0.tgz#97b23b2f235a9805d39279a0a1027c7d9646d6fb"
  integrity sha512-lyUWxzEateE6Qxpc81oxJb5yiNDdj36Q9R9euJAgjl2dvUDaX85rVGqaB25+72yA1iQg5I4Kymj3UZVvPthRlA==
  dependencies:
    "@react-spring/animated" "~9.3.0"
    "@react-spring/core" "~9.3.0"
    "@react-spring/shared" "~9.3.0"
    "@react-spring/types" "~9.3.0"

"@react-spring/native@~9.3.0":
  version "9.3.0"
  resolved "https://registry.yarnpkg.com/@react-spring/native/-/native-9.3.0.tgz#6fee1ccaa8d70a19c239b27e95bcc050776f1725"
  integrity sha512-lvKV5qxqnE5AMtTHv8xwAocGED4+VRxpljwBl1lbtileq3WnvOn7CpMLZNGc5TXjLWAE3zfoNJui69/jE/3uSw==
  dependencies:
    "@react-spring/animated" "~9.3.0"
    "@react-spring/core" "~9.3.0"
    "@react-spring/shared" "~9.3.0"
    "@react-spring/types" "~9.3.0"

"@react-spring/rafz@~9.3.0":
  version "9.3.0"
  resolved "https://registry.yarnpkg.com/@react-spring/rafz/-/rafz-9.3.0.tgz#e791c0ae854f7c1a512ae87f34fff36934d82d29"
  integrity sha512-FD04d2TNb3xOZ6+04qwDmC3d0H4X6gvhsxU71/nSm4PPYRqFzZEolcVPmrHlbGzco3bvXKI+Kp2pIrpXLPUJFA==

"@react-spring/shared@~9.3.0":
  version "9.3.0"
  resolved "https://registry.yarnpkg.com/@react-spring/shared/-/shared-9.3.0.tgz#7b4393094a97a1384f74fd8088e0b896e8f0c411"
  integrity sha512-7ZFY2Blu/wxbLGcYvQavyLUVi9bK/is1bsn11qZ9AaZb4iucRyIf2jgjBfKZFCq4qgi7S/7QmDQG7sucUyLELg==
  dependencies:
    "@react-spring/rafz" "~9.3.0"
    "@react-spring/types" "~9.3.0"

"@react-spring/three@~9.3.0":
  version "9.3.0"
  resolved "https://registry.yarnpkg.com/@react-spring/three/-/three-9.3.0.tgz#e3fc49de1411eb1a7aa937fec8db33252f11d294"
  integrity sha512-RKMXXdcNK0nbwLbmle/0KT/idGGpOxvI5lT1KtN8R3cgJWQBKYWVtzg+B/RgmQVNxO/QNlsKGWTjURockTRSVQ==
  dependencies:
    "@react-spring/animated" "~9.3.0"
    "@react-spring/core" "~9.3.0"
    "@react-spring/shared" "~9.3.0"
    "@react-spring/types" "~9.3.0"

"@react-spring/types@~9.3.0":
  version "9.3.0"
  resolved "https://registry.yarnpkg.com/@react-spring/types/-/types-9.3.0.tgz#54ec58ca40414984209c8baa75fddd394f9e2949"
  integrity sha512-q4cDr2RSPblXMD3Rxvk6qcC7nmhhfV2izEBP06hb8ZCXznA6qJirG3RMpi29kBtEQiw1lWR59hAXKhauaPtbOA==

"@react-spring/web@~9.3.0":
  version "9.3.0"
  resolved "https://registry.yarnpkg.com/@react-spring/web/-/web-9.3.0.tgz#48d1ebdd1d484065e0a943dbbb343af259496427"
  integrity sha512-OTAGKRdyz6fLRR1tABFyw9KMpytyATIndQrj0O6RG47GfjiInpf4+WZKxo763vpS7z1OlnkI81WLUm/sqOqAnA==
  dependencies:
    "@react-spring/animated" "~9.3.0"
    "@react-spring/core" "~9.3.0"
    "@react-spring/shared" "~9.3.0"
    "@react-spring/types" "~9.3.0"

"@react-spring/zdog@~9.3.0":
  version "9.3.0"
  resolved "https://registry.yarnpkg.com/@react-spring/zdog/-/zdog-9.3.0.tgz#d84b69375017d864514ebcf59511731c5cc0280f"
  integrity sha512-JOQwtg/MQ6sWwmKNY4w/R1TVXohIUkrbSgDfgUEK45ERTDwZGZzIo9QbqHv4dwEBK4Wa2Hfrcdf8cnEaNNzdAQ==
  dependencies:
    "@react-spring/animated" "~9.3.0"
    "@react-spring/core" "~9.3.0"
    "@react-spring/shared" "~9.3.0"
    "@react-spring/types" "~9.3.0"

react-spring@^9.3.0:
  version "9.3.0"
  resolved "https://registry.yarnpkg.com/react-spring/-/react-spring-9.3.0.tgz#4d71eecbfd4f0823bf67e5943d2b0fb77f3e26ad"
  integrity sha512-zxhMUCM4ha22724q1CshmbzKUfqdUp2HyA4P72+A0xVF/9bgaFuMukI8C8/Rjfdqw6sGg3hZNvmY9Z8n4cqWmg==
  dependencies:
    "@react-spring/core" "~9.3.0"
    "@react-spring/konva" "~9.3.0"
    "@react-spring/native" "~9.3.0"
    "@react-spring/three" "~9.3.0"
    "@react-spring/web" "~9.3.0"
    "@react-spring/zdog" "~9.3.0"
